
Microsoft Visual Studio Solution File, Format Version 12.00
# Visual Studio Version 17
VisualStudioVersion = 17.5.002.0
MinimumVisualStudioVersion = 10.0.40219.1
Project("{2150E333-8FDC-42A3-9474-1A3956D46DE8}") = "sandbox", "sandbox", "{FC7E59B1-6998-429B-9DD0-7B1D3AB24C91}"
EndProject
Project("{9A19103F-16F7-4668-BE54-9A1E7A4F7556}") = "sandbox_project", "sandbox\sandbox_project\sandbox_project.csproj", "{BBB51CA6-C784-4C7A-87A9-13F1123DC58F}"
EndProject
Project("{2150E333-8FDC-42A3-9474-1A3956D46DE8}") = "week01", "week01", "{54E62EE7-65CC-417E-8C18-2D6CF25903BC}"
EndProject
Project("{9A19103F-16F7-4668-BE54-9A1E7A4F7556}") = "analyze", "week01\analyze\analyze.csproj", "{55E075AF-CBD5-48AD-8F4E-0F81B3844DFE}"
EndProject
Project("{9A19103F-16F7-4668-BE54-9A1E7A4F7556}") = "code", "week01\code\code.csproj", "{D88A8440-35F1-4A3A-BD81-B89F4C3B388D}"
EndProject
Project("{9A19103F-16F7-4668-BE54-9A1E7A4F7556}") = "teach", "week01\teach\teach.csproj", "{7F0FB183-B44C-44F5-9BF3-33A30E53BBFB}"
EndProject
Project("{2150E333-8FDC-42A3-9474-1A3956D46DE8}") = "week02", "week02", "{C351C89B-AD77-4A7B-B4FF-606FA68A1D65}"
EndProject
Project("{9A19103F-16F7-4668-BE54-9A1E7A4F7556}") = "analyze", "week02\analyze\analyze.csproj", "{B21A0C3F-F2FE-4EF8-82FF-3411DB702698}"
EndProject
Project("{9A19103F-16F7-4668-BE54-9A1E7A4F7556}") = "code", "week02\code\code.csproj", "{E6BDEC54-8CA8-44CD-AC72-3797C1A74945}"
EndProject
Project("{9A19103F-16F7-4668-BE54-9A1E7A4F7556}") = "learn", "week02\learn\learn.csproj", "{E4957E4D-D07E-43B2-903D-15BFE51FD3DE}"
EndProject
Project("{9A19103F-16F7-4668-BE54-9A1E7A4F7556}") = "teach", "week02\teach\teach.csproj", "{0E7E5050-7AEE-44E4-AFE9-778F57AF45DE}"
EndProject
Project("{2150E333-8FDC-42A3-9474-1A3956D46DE8}") = "week03", "week03", "{BA0CE83A-5D10-42B8-AD75-38F7BAA8A27A}"
EndProject
Project("{9A19103F-16F7-4668-BE54-9A1E7A4F7556}") = "code", "week03\code\code.csproj", "{D78FE4AE-4B69-41BA-A1D4-07B90152FBA4}"
EndProject
Project("{9A19103F-16F7-4668-BE54-9A1E7A4F7556}") = "learn", "week03\learn\learn.csproj", "{8061224A-0EC0-467A-B990-C6C7D7A2B838}"
EndProject
Project("{9A19103F-16F7-4668-BE54-9A1E7A4F7556}") = "teach", "week03\teach\teach.csproj", "{07DBFAE9-2B25-4792-A695-2D071B084292}"
EndProject
Project("{2150E333-8FDC-42A3-9474-1A3956D46DE8}") = "week04", "week04", "{2A1D09FA-7EF6-4CCF-A311-A3394D9FFA30}"
EndProject
Project("{9A19103F-16F7-4668-BE54-9A1E7A4F7556}") = "code", "week04\code\code.csproj", "{8B863CB4-41DB-4B6D-867D-DB03AA311394}"
EndProject
Project("{2150E333-8FDC-42A3-9474-1A3956D46DE8}") = "week05", "week05", "{1A746371-0D21-4646-9808-D89E3C980A52}"
EndProject
Project("{9A19103F-16F7-4668-BE54-9A1E7A4F7556}") = "code", "week05\code\code.csproj", "{1FAEC84B-C06A-406E-B16C-508E6B04F9CA}"
EndProject
Project("{2150E333-8FDC-42A3-9474-1A3956D46DE8}") = "week06", "week06", "{B2143ABA-416D-4EFB-B593-1C07896C3BEF}"
EndProject
Project("{9A19103F-16F7-4668-BE54-9A1E7A4F7556}") = "code", "week06\code\code.csproj", "{9A04C852-EFD9-4A3D-BB1D-2FF33216F1A5}"
EndProject
Global
	GlobalSection(SolutionConfigurationPlatforms) = preSolution
		Debug|Any CPU = Debug|Any CPU
		Release|Any CPU = Release|Any CPU
	EndGlobalSection
	GlobalSection(ProjectConfigurationPlatforms) = postSolution
		{BBB51CA6-C784-4C7A-87A9-13F1123DC58F}.Debug|Any CPU.ActiveCfg = Debug|Any CPU
		{BBB51CA6-C784-4C7A-87A9-13F1123DC58F}.Debug|Any CPU.Build.0 = Debug|Any CPU
		{BBB51CA6-C784-4C7A-87A9-13F1123DC58F}.Release|Any CPU.ActiveCfg = Release|Any CPU
		{BBB51CA6-C784-4C7A-87A9-13F1123DC58F}.Release|Any CPU.Build.0 = Release|Any CPU
		{55E075AF-CBD5-48AD-8F4E-0F81B3844DFE}.Debug|Any CPU.ActiveCfg = Debug|Any CPU
		{55E075AF-CBD5-48AD-8F4E-0F81B3844DFE}.Debug|Any CPU.Build.0 = Debug|Any CPU
		{55E075AF-CBD5-48AD-8F4E-0F81B3844DFE}.Release|Any CPU.ActiveCfg = Release|Any CPU
		{55E075AF-CBD5-48AD-8F4E-0F81B3844DFE}.Release|Any CPU.Build.0 = Release|Any CPU
		{D88A8440-35F1-4A3A-BD81-B89F4C3B388D}.Debug|Any CPU.ActiveCfg = Debug|Any CPU
		{D88A8440-35F1-4A3A-BD81-B89F4C3B388D}.Debug|Any CPU.Build.0 = Debug|Any CPU
		{D88A8440-35F1-4A3A-BD81-B89F4C3B388D}.Release|Any CPU.ActiveCfg = Release|Any CPU
		{D88A8440-35F1-4A3A-BD81-B89F4C3B388D}.Release|Any CPU.Build.0 = Release|Any CPU
		{7F0FB183-B44C-44F5-9BF3-33A30E53BBFB}.Debug|Any CPU.ActiveCfg = Debug|Any CPU
		{7F0FB183-B44C-44F5-9BF3-33A30E53BBFB}.Debug|Any CPU.Build.0 = Debug|Any CPU
		{7F0FB183-B44C-44F5-9BF3-33A30E53BBFB}.Release|Any CPU.ActiveCfg = Release|Any CPU
		{7F0FB183-B44C-44F5-9BF3-33A30E53BBFB}.Release|Any CPU.Build.0 = Release|Any CPU
		{B21A0C3F-F2FE-4EF8-82FF-3411DB702698}.Debug|Any CPU.ActiveCfg = Debug|Any CPU
		{B21A0C3F-F2FE-4EF8-82FF-3411DB702698}.Debug|Any CPU.Build.0 = Debug|Any CPU
		{B21A0C3F-F2FE-4EF8-82FF-3411DB702698}.Release|Any CPU.ActiveCfg = Release|Any CPU
		{B21A0C3F-F2FE-4EF8-82FF-3411DB702698}.Release|Any CPU.Build.0 = Release|Any CPU
		{E6BDEC54-8CA8-44CD-AC72-3797C1A74945}.Debug|Any CPU.ActiveCfg = Debug|Any CPU
		{E6BDEC54-8CA8-44CD-AC72-3797C1A74945}.Debug|Any CPU.Build.0 = Debug|Any CPU
		{E6BDEC54-8CA8-44CD-AC72-3797C1A74945}.Release|Any CPU.ActiveCfg = Release|Any CPU
		{E6BDEC54-8CA8-44CD-AC72-3797C1A74945}.Release|Any CPU.Build.0 = Release|Any CPU
		{E4957E4D-D07E-43B2-903D-15BFE51FD3DE}.Debug|Any CPU.ActiveCfg = Debug|Any CPU
		{E4957E4D-D07E-43B2-903D-15BFE51FD3DE}.Debug|Any CPU.Build.0 = Debug|Any CPU
		{E4957E4D-D07E-43B2-903D-15BFE51FD3DE}.Release|Any CPU.ActiveCfg = Release|Any CPU
		{E4957E4D-D07E-43B2-903D-15BFE51FD3DE}.Release|Any CPU.Build.0 = Release|Any CPU
		{0E7E5050-7AEE-44E4-AFE9-778F57AF45DE}.Debug|Any CPU.ActiveCfg = Debug|Any CPU
		{0E7E5050-7AEE-44E4-AFE9-778F57AF45DE}.Debug|Any CPU.Build.0 = Debug|Any CPU
		{0E7E5050-7AEE-44E4-AFE9-778F57AF45DE}.Release|Any CPU.ActiveCfg = Release|Any CPU
		{0E7E5050-7AEE-44E4-AFE9-778F57AF45DE}.Release|Any CPU.Build.0 = Release|Any CPU
		{D78FE4AE-4B69-41BA-A1D4-07B90152FBA4}.Debug|Any CPU.ActiveCfg = Debug|Any CPU
		{D78FE4AE-4B69-41BA-A1D4-07B90152FBA4}.Debug|Any CPU.Build.0 = Debug|Any CPU
		{D78FE4AE-4B69-41BA-A1D4-07B90152FBA4}.Release|Any CPU.ActiveCfg = Release|Any CPU
		{D78FE4AE-4B69-41BA-A1D4-07B90152FBA4}.Release|Any CPU.Build.0 = Release|Any CPU
		{8061224A-0EC0-467A-B990-C6C7D7A2B838}.Debug|Any CPU.ActiveCfg = Debug|Any CPU
		{8061224A-0EC0-467A-B990-C6C7D7A2B838}.Debug|Any CPU.Build.0 = Debug|Any CPU
		{8061224A-0EC0-467A-B990-C6C7D7A2B838}.Release|Any CPU.ActiveCfg = Release|Any CPU
		{8061224A-0EC0-467A-B990-C6C7D7A2B838}.Release|Any CPU.Build.0 = Release|Any CPU
		{07DBFAE9-2B25-4792-A695-2D071B084292}.Debug|Any CPU.ActiveCfg = Debug|Any CPU
		{07DBFAE9-2B25-4792-A695-2D071B084292}.Debug|Any CPU.Build.0 = Debug|Any CPU
		{07DBFAE9-2B25-4792-A695-2D071B084292}.Release|Any CPU.ActiveCfg = Release|Any CPU
		{07DBFAE9-2B25-4792-A695-2D071B084292}.Release|Any CPU.Build.0 = Release|Any CPU
		{8B863CB4-41DB-4B6D-867D-DB03AA311394}.Debug|Any CPU.ActiveCfg = Debug|Any CPU
		{8B863CB4-41DB-4B6D-867D-DB03AA311394}.Debug|Any CPU.Build.0 = Debug|Any CPU
		{8B863CB4-41DB-4B6D-867D-DB03AA311394}.Release|Any CPU.ActiveCfg = Release|Any CPU
		{8B863CB4-41DB-4B6D-867D-DB03AA311394}.Release|Any CPU.Build.0 = Release|Any CPU
		{1FAEC84B-C06A-406E-B16C-508E6B04F9CA}.Debug|Any CPU.ActiveCfg = Debug|Any CPU
		{1FAEC84B-C06A-406E-B16C-508E6B04F9CA}.Debug|Any CPU.Build.0 = Debug|Any CPU
		{1FAEC84B-C06A-406E-B16C-508E6B04F9CA}.Release|Any CPU.ActiveCfg = Release|Any CPU
		{1FAEC84B-C06A-406E-B16C-508E6B04F9CA}.Release|Any CPU.Build.0 = Release|Any CPU
		{9A04C852-EFD9-4A3D-BB1D-2FF33216F1A5}.Debug|Any CPU.ActiveCfg = Debug|Any CPU
		{9A04C852-EFD9-4A3D-BB1D-2FF33216F1A5}.Debug|Any CPU.Build.0 = Debug|Any CPU
		{9A04C852-EFD9-4A3D-BB1D-2FF33216F1A5}.Release|Any CPU.ActiveCfg = Release|Any CPU
		{9A04C852-EFD9-4A3D-BB1D-2FF33216F1A5}.Release|Any CPU.Build.0 = Release|Any CPU
	EndGlobalSection
	GlobalSection(SolutionProperties) = preSolution
		HideSolutionNode = FALSE
	EndGlobalSection
	GlobalSection(NestedProjects) = preSolution
		{BBB51CA6-C784-4C7A-87A9-13F1123DC58F} = {FC7E59B1-6998-429B-9DD0-7B1D3AB24C91}
		{55E075AF-CBD5-48AD-8F4E-0F81B3844DFE} = {54E62EE7-65CC-417E-8C18-2D6CF25903BC}
		{D88A8440-35F1-4A3A-BD81-B89F4C3B388D} = {54E62EE7-65CC-417E-8C18-2D6CF25903BC}
		{7F0FB183-B44C-44F5-9BF3-33A30E53BBFB} = {54E62EE7-65CC-417E-8C18-2D6CF25903BC}
		{B21A0C3F-F2FE-4EF8-82FF-3411DB702698} = {C351C89B-AD77-4A7B-B4FF-606FA68A1D65}
		{E6BDEC54-8CA8-44CD-AC72-3797C1A74945} = {C351C89B-AD77-4A7B-B4FF-606FA68A1D65}
		{E4957E4D-D07E-43B2-903D-15BFE51FD3DE} = {C351C89B-AD77-4A7B-B4FF-606FA68A1D65}
		{0E7E5050-7AEE-44E4-AFE9-778F57AF45DE} = {C351C89B-AD77-4A7B-B4FF-606FA68A1D65}
		{D78FE4AE-4B69-41BA-A1D4-07B90152FBA4} = {BA0CE83A-5D10-42B8-AD75-38F7BAA8A27A}
		{8061224A-0EC0-467A-B990-C6C7D7A2B838} = {BA0CE83A-5D10-42B8-AD75-38F7BAA8A27A}
		{07DBFAE9-2B25-4792-A695-2D071B084292} = {BA0CE83A-5D10-42B8-AD75-38F7BAA8A27A}
		{8B863CB4-41DB-4B6D-867D-DB03AA311394} = {2A1D09FA-7EF6-4CCF-A311-A3394D9FFA30}
		{1FAEC84B-C06A-406E-B16C-508E6B04F9CA} = {1A746371-0D21-4646-9808-D89E3C980A52}
		{9A04C852-EFD9-4A3D-BB1D-2FF33216F1A5} = {B2143ABA-416D-4EFB-B593-1C07896C3BEF}
	EndGlobalSection
	GlobalSection(ExtensibilityGlobals) = postSolution
		SolutionGuid = {9D1B1D08-E8EC-496D-A549-DC34016DC332}
	EndGlobalSection
EndGlobal
