
Microsoft Visual Studio Solution File, Format Version 12.00
# Visual Studio Version 17
VisualStudioVersion = 17.5.002.0
MinimumVisualStudioVersion = 10.0.40219.1
Project("{9A19103F-16F7-4668-BE54-9A1E7A4F7556}") = "code", "code.csproj", "{C981EE20-CFAB-42E1-BD81-1209D5F78324}"
EndProject
Global
	GlobalSection(SolutionConfigurationPlatforms) = preSolution
		Debug|Any CPU = Debug|Any CPU
		Release|Any CPU = Release|Any CPU
	EndGlobalSection
	GlobalSection(ProjectConfigurationPlatforms) = postSolution
		{C981EE20-CFAB-42E1-BD81-1209D5F78324}.Debug|Any CPU.ActiveCfg = Debug|Any CPU
		{C981EE20-CFAB-42E1-BD81-1209D5F78324}.Debug|Any CPU.Build.0 = Debug|Any CPU
		{C981EE20-CFAB-42E1-BD81-1209D5F78324}.Release|Any CPU.ActiveCfg = Release|Any CPU
		{C981EE20-CFAB-42E1-BD81-1209D5F78324}.Release|Any CPU.Build.0 = Release|Any CPU
	EndGlobalSection
	GlobalSection(SolutionProperties) = preSolution
		HideSolutionNode = FALSE
	EndGlobalSection
	GlobalSection(ExtensibilityGlobals) = postSolution
		SolutionGuid = {8AB7BA5E-CD17-4317-A67B-197A64FD2376}
	EndGlobalSection
EndGlobal
