
Microsoft Visual Studio Solution File, Format Version 12.00
# Visual Studio Version 17
VisualStudioVersion = 17.5.002.0
MinimumVisualStudioVersion = 10.0.40219.1
Project("{9A19103F-16F7-4668-BE54-9A1E7A4F7556}") = "analyze", "analyze\analyze.csproj", "{6788C850-1F93-4DEC-BFB1-C9FE26148CBD}"
EndProject
Project("{9A19103F-16F7-4668-BE54-9A1E7A4F7556}") = "code", "code\code.csproj", "{31277453-5672-43BF-A4B1-F82AC6BF6084}"
EndProject
Project("{9A19103F-16F7-4668-BE54-9A1E7A4F7556}") = "learn", "learn\learn.csproj", "{9A8B97B1-BC30-437F-85F8-F00D3F3BB407}"
EndProject
Project("{9A19103F-16F7-4668-BE54-9A1E7A4F7556}") = "teach", "teach\teach.csproj", "{18C41E1D-D715-486D-81B1-EEEB4AB3B09F}"
EndProject
Global
	GlobalSection(SolutionConfigurationPlatforms) = preSolution
		Debug|Any CPU = Debug|Any CPU
		Release|Any CPU = Release|Any CPU
	EndGlobalSection
	GlobalSection(ProjectConfigurationPlatforms) = postSolution
		{6788C850-1F93-4DEC-BFB1-C9FE26148CBD}.Debug|Any CPU.ActiveCfg = Debug|Any CPU
		{6788C850-1F93-4DEC-BFB1-C9FE26148CBD}.Debug|Any CPU.Build.0 = Debug|Any CPU
		{6788C850-1F93-4DEC-BFB1-C9FE26148CBD}.Release|Any CPU.ActiveCfg = Release|Any CPU
		{6788C850-1F93-4DEC-BFB1-C9FE26148CBD}.Release|Any CPU.Build.0 = Release|Any CPU
		{31277453-5672-43BF-A4B1-F82AC6BF6084}.Debug|Any CPU.ActiveCfg = Debug|Any CPU
		{31277453-5672-43BF-A4B1-F82AC6BF6084}.Debug|Any CPU.Build.0 = Debug|Any CPU
		{31277453-5672-43BF-A4B1-F82AC6BF6084}.Release|Any CPU.ActiveCfg = Release|Any CPU
		{31277453-5672-43BF-A4B1-F82AC6BF6084}.Release|Any CPU.Build.0 = Release|Any CPU
		{9A8B97B1-BC30-437F-85F8-F00D3F3BB407}.Debug|Any CPU.ActiveCfg = Debug|Any CPU
		{9A8B97B1-BC30-437F-85F8-F00D3F3BB407}.Debug|Any CPU.Build.0 = Debug|Any CPU
		{9A8B97B1-BC30-437F-85F8-F00D3F3BB407}.Release|Any CPU.ActiveCfg = Release|Any CPU
		{9A8B97B1-BC30-437F-85F8-F00D3F3BB407}.Release|Any CPU.Build.0 = Release|Any CPU
		{18C41E1D-D715-486D-81B1-EEEB4AB3B09F}.Debug|Any CPU.ActiveCfg = Debug|Any CPU
		{18C41E1D-D715-486D-81B1-EEEB4AB3B09F}.Debug|Any CPU.Build.0 = Debug|Any CPU
		{18C41E1D-D715-486D-81B1-EEEB4AB3B09F}.Release|Any CPU.ActiveCfg = Release|Any CPU
		{18C41E1D-D715-486D-81B1-EEEB4AB3B09F}.Release|Any CPU.Build.0 = Release|Any CPU
	EndGlobalSection
	GlobalSection(SolutionProperties) = preSolution
		HideSolutionNode = FALSE
	EndGlobalSection
	GlobalSection(ExtensibilityGlobals) = postSolution
		SolutionGuid = {69499818-BEB6-4419-B22C-E78801306784}
	EndGlobalSection
EndGlobal
